
Microsoft Visual Studio Solution File, Format Version 12.00
# Visual Studio Version 17
VisualStudioVersion = 17.0.31903.59
MinimumVisualStudioVersion = 10.0.40219.1
Project("{FAE04EC0-301F-11D3-BF4B-00C04F79EFBC}") = "RightSize", "RightSize\RightSize.csproj", "{971C87DE-1162-428F-A9CB-880C215DF8C0}"
EndProject
Project("{FAE04EC0-301F-11D3-BF4B-00C04F79EFBC}") = "ChangeString", "ChangeString\ChangeString.csproj", "{591A3070-5D4B-4A10-A1F6-16A47182B42E}"
EndProject
Project("{FAE04EC0-301F-11D3-BF4B-00C04F79EFBC}") = "ArrayMult", "ArrayMult\ArrayMult.csproj", "{8BF92B80-1184-4182-83B1-105F6B429DDE}"
EndProject
Project("{FAE04EC0-301F-11D3-BF4B-00C04F79EFBC}") = "HeroPerks", "HeroPerks\HeroPerks.csproj", "{73F7D4F1-F67A-4BF3-8C6D-897635B84AAA}"
EndProject
Project("{FAE04EC0-301F-11D3-BF4B-00C04F79EFBC}") = "PowTwoUntil", "PowTwoUntil\PowTwoUntil.csproj", "{78081D8D-B01E-4B8B-9FC2-2AA2C3CDACFE}"
EndProject
Global
	GlobalSection(SolutionConfigurationPlatforms) = preSolution
		Debug|Any CPU = Debug|Any CPU
		Release|Any CPU = Release|Any CPU
	EndGlobalSection
	GlobalSection(SolutionProperties) = preSolution
		HideSolutionNode = FALSE
	EndGlobalSection
	GlobalSection(ProjectConfigurationPlatforms) = postSolution
		{971C87DE-1162-428F-A9CB-880C215DF8C0}.Debug|Any CPU.ActiveCfg = Debug|Any CPU
		{971C87DE-1162-428F-A9CB-880C215DF8C0}.Debug|Any CPU.Build.0 = Debug|Any CPU
		{971C87DE-1162-428F-A9CB-880C215DF8C0}.Release|Any CPU.ActiveCfg = Release|Any CPU
		{971C87DE-1162-428F-A9CB-880C215DF8C0}.Release|Any CPU.Build.0 = Release|Any CPU
		{591A3070-5D4B-4A10-A1F6-16A47182B42E}.Debug|Any CPU.ActiveCfg = Debug|Any CPU
		{591A3070-5D4B-4A10-A1F6-16A47182B42E}.Debug|Any CPU.Build.0 = Debug|Any CPU
		{591A3070-5D4B-4A10-A1F6-16A47182B42E}.Release|Any CPU.ActiveCfg = Release|Any CPU
		{591A3070-5D4B-4A10-A1F6-16A47182B42E}.Release|Any CPU.Build.0 = Release|Any CPU
		{8BF92B80-1184-4182-83B1-105F6B429DDE}.Debug|Any CPU.ActiveCfg = Debug|Any CPU
		{8BF92B80-1184-4182-83B1-105F6B429DDE}.Debug|Any CPU.Build.0 = Debug|Any CPU
		{8BF92B80-1184-4182-83B1-105F6B429DDE}.Release|Any CPU.ActiveCfg = Release|Any CPU
		{8BF92B80-1184-4182-83B1-105F6B429DDE}.Release|Any CPU.Build.0 = Release|Any CPU
		{73F7D4F1-F67A-4BF3-8C6D-897635B84AAA}.Debug|Any CPU.ActiveCfg = Debug|Any CPU
		{73F7D4F1-F67A-4BF3-8C6D-897635B84AAA}.Debug|Any CPU.Build.0 = Debug|Any CPU
		{73F7D4F1-F67A-4BF3-8C6D-897635B84AAA}.Release|Any CPU.ActiveCfg = Release|Any CPU
		{73F7D4F1-F67A-4BF3-8C6D-897635B84AAA}.Release|Any CPU.Build.0 = Release|Any CPU
		{78081D8D-B01E-4B8B-9FC2-2AA2C3CDACFE}.Debug|Any CPU.ActiveCfg = Debug|Any CPU
		{78081D8D-B01E-4B8B-9FC2-2AA2C3CDACFE}.Debug|Any CPU.Build.0 = Debug|Any CPU
		{78081D8D-B01E-4B8B-9FC2-2AA2C3CDACFE}.Release|Any CPU.ActiveCfg = Release|Any CPU
		{78081D8D-B01E-4B8B-9FC2-2AA2C3CDACFE}.Release|Any CPU.Build.0 = Release|Any CPU
	EndGlobalSection
EndGlobal
